Microsoft Visual Studio Solution File, Format Version 12.00
# Visual Studio Version 17
VisualStudioVersion = 17.13.35825.156
MinimumVisualStudioVersion = 10.0.40219.1
Project("{FAE04EC0-301F-11D3-BF4B-00C04F79EFBC}") = "MyPet", "MyPet\MyPet.csproj", "{981D3F48-2B76-448D-B66F-8235BC8069C0}"
EndProject
Global
	GlobalSection(SolutionConfigurationPlatforms) = preSolution
		Debug|Any CPU = Debug|Any CPU
		Release|Any CPU = Release|Any CPU
	EndGlobalSection
	GlobalSection(ProjectConfigurationPlatforms) = postSolution
		{981D3F48-2B76-448D-B66F-8235BC8069C0}.Debug|Any CPU.ActiveCfg = Debug|Any CPU
		{981D3F48-2B76-448D-B66F-8235BC8069C0}.Debug|Any CPU.Build.0 = Debug|Any CPU
		{981D3F48-2B76-448D-B66F-8235BC8069C0}.Release|Any CPU.ActiveCfg = Release|Any CPU
		{981D3F48-2B76-448D-B66F-8235BC8069C0}.Release|Any CPU.Build.0 = Release|Any CPU
	EndGlobalSection
	GlobalSection(SolutionProperties) = preSolution
		HideSolutionNode = FALSE
	EndGlobalSection
	GlobalSection(ExtensibilityGlobals) = postSolution
		SolutionGuid = {AA24C83A-3B45-4FD5-9591-60933A9053D8}
	EndGlobalSection
EndGlobal
